
Microsoft Visual Studio Solution File, Format Version 12.00
# Visual Studio Version 17
VisualStudioVersion = 17.0.31903.59
MinimumVisualStudioVersion = 10.0.40219.1
Project("{2150E333-8FDC-42A3-9474-1A3956D46DE8}") = "src", "src", "{7B844FAD-6219-4383-A97E-CECFB3CE836D}"
EndProject
Project("{FAE04EC0-301F-11D3-BF4B-00C04F79EFBC}") = "CarsBill.WPF", "src\CarsBill.WPF\CarsBill.WPF.csproj", "{DEC2344B-E338-4004-BB36-690CCBBEC580}"
EndProject
Global
	GlobalSection(SolutionConfigurationPlatforms) = preSolution
		Debug|Any CPU = Debug|Any CPU
		Release|Any CPU = Release|Any CPU
	EndGlobalSection
	GlobalSection(SolutionProperties) = preSolution
		HideSolutionNode = FALSE
	EndGlobalSection
	GlobalSection(ProjectConfigurationPlatforms) = postSolution
		{DEC2344B-E338-4004-BB36-690CCBBEC580}.Debug|Any CPU.ActiveCfg = Debug|Any CPU
		{DEC2344B-E338-4004-BB36-690CCBBEC580}.Debug|Any CPU.Build.0 = Debug|Any CPU
		{DEC2344B-E338-4004-BB36-690CCBBEC580}.Release|Any CPU.ActiveCfg = Release|Any CPU
		{DEC2344B-E338-4004-BB36-690CCBBEC580}.Release|Any CPU.Build.0 = Release|Any CPU
	EndGlobalSection
	GlobalSection(NestedProjects) = preSolution
		{DEC2344B-E338-4004-BB36-690CCBBEC580} = {7B844FAD-6219-4383-A97E-CECFB3CE836D}
	EndGlobalSection
EndGlobal
